
Microsoft Visual Studio Solution File, Format Version 12.00
# Visual Studio Version 17
VisualStudioVersion = 17.6.33815.320
MinimumVisualStudioVersion = 10.0.40219.1
Project("{FAE04EC0-301F-11D3-BF4B-00C04F79EFBC}") = "SoapService", "SoapService.csproj", "{323CFABA-6A24-4060-B6D8-B2DDAE6CB505}"
EndProject
Global
	GlobalSection(SolutionConfigurationPlatforms) = preSolution
		Debug|Any CPU = Debug|Any CPU
		Release|Any CPU = Release|Any CPU
	EndGlobalSection
	GlobalSection(ProjectConfigurationPlatforms) = postSolution
		{323CFABA-6A24-4060-B6D8-B2DDAE6CB505}.Debug|Any CPU.ActiveCfg = Debug|Any CPU
		{323CFABA-6A24-4060-B6D8-B2DDAE6CB505}.Debug|Any CPU.Build.0 = Debug|Any CPU
		{323CFABA-6A24-4060-B6D8-B2DDAE6CB505}.Release|Any CPU.ActiveCfg = Release|Any CPU
		{323CFABA-6A24-4060-B6D8-B2DDAE6CB505}.Release|Any CPU.Build.0 = Release|Any CPU
	EndGlobalSection
	GlobalSection(SolutionProperties) = preSolution
		HideSolutionNode = FALSE
	EndGlobalSection
	GlobalSection(ExtensibilityGlobals) = postSolution
		SolutionGuid = {A70E1D0B-8699-401B-A05E-693B6D6E0C0C}
	EndGlobalSection
EndGlobal
